
Microsoft Visual Studio Solution File, Format Version 12.00
# Visual Studio Version 17
VisualStudioVersion = 17.8.34511.84
MinimumVisualStudioVersion = 10.0.40219.1
Project("{9A19103F-16F7-4668-BE54-9A1E7A4F7556}") = "StudentEnrollment.Api", "StudentEnrollment.Api\StudentEnrollment.Api.csproj", "{7B16A674-D9DB-4B57-9E5A-F6EC2A81ACED}"
EndProject
Project("{FAE04EC0-301F-11D3-BF4B-00C04F79EFBC}") = "StudentEnrollment.Data", "StudentEnrollment.Data\StudentEnrollment.Data.csproj", "{A2FBE381-BAF3-4B0E-8E00-993C6FB0AE21}"
EndProject
Global
	GlobalSection(SolutionConfigurationPlatforms) = preSolution
		Debug|Any CPU = Debug|Any CPU
		Release|Any CPU = Release|Any CPU
	EndGlobalSection
	GlobalSection(ProjectConfigurationPlatforms) = postSolution
		{7B16A674-D9DB-4B57-9E5A-F6EC2A81ACED}.Debug|Any CPU.ActiveCfg = Debug|Any CPU
		{7B16A674-D9DB-4B57-9E5A-F6EC2A81ACED}.Debug|Any CPU.Build.0 = Debug|Any CPU
		{7B16A674-D9DB-4B57-9E5A-F6EC2A81ACED}.Release|Any CPU.ActiveCfg = Release|Any CPU
		{7B16A674-D9DB-4B57-9E5A-F6EC2A81ACED}.Release|Any CPU.Build.0 = Release|Any CPU
		{A2FBE381-BAF3-4B0E-8E00-993C6FB0AE21}.Debug|Any CPU.ActiveCfg = Debug|Any CPU
		{A2FBE381-BAF3-4B0E-8E00-993C6FB0AE21}.Debug|Any CPU.Build.0 = Debug|Any CPU
		{A2FBE381-BAF3-4B0E-8E00-993C6FB0AE21}.Release|Any CPU.ActiveCfg = Release|Any CPU
		{A2FBE381-BAF3-4B0E-8E00-993C6FB0AE21}.Release|Any CPU.Build.0 = Release|Any CPU
	EndGlobalSection
	GlobalSection(SolutionProperties) = preSolution
		HideSolutionNode = FALSE
	EndGlobalSection
	GlobalSection(ExtensibilityGlobals) = postSolution
		SolutionGuid = {4074A46F-5CE7-46CF-997D-68C730DA8560}
	EndGlobalSection
EndGlobal
